
Microsoft Visual Studio Solution File, Format Version 12.00
# Visual Studio Version 16
VisualStudioVersion = 16.0.30011.22
MinimumVisualStudioVersion = 10.0.40219.1
Project("{FAE04EC0-301F-11D3-BF4B-00C04F79EFBC}") = "First.WebApi", "First.WebApi\First.WebApi.csproj", "{64AAFAE6-ECBD-43C8-9B4B-AB69EB930772}"
EndProject
Global
	GlobalSection(SolutionConfigurationPlatforms) = preSolution
		Debug|Any CPU = Debug|Any CPU
		Release|Any CPU = Release|Any CPU
	EndGlobalSection
	GlobalSection(ProjectConfigurationPlatforms) = postSolution
		{64AAFAE6-ECBD-43C8-9B4B-AB69EB930772}.Debug|Any CPU.ActiveCfg = Debug|Any CPU
		{64AAFAE6-ECBD-43C8-9B4B-AB69EB930772}.Debug|Any CPU.Build.0 = Debug|Any CPU
		{64AAFAE6-ECBD-43C8-9B4B-AB69EB930772}.Release|Any CPU.ActiveCfg = Release|Any CPU
		{64AAFAE6-ECBD-43C8-9B4B-AB69EB930772}.Release|Any CPU.Build.0 = Release|Any CPU
	EndGlobalSection
	GlobalSection(SolutionProperties) = preSolution
		HideSolutionNode = FALSE
	EndGlobalSection
	GlobalSection(ExtensibilityGlobals) = postSolution
		SolutionGuid = {65242F8A-A152-4804-8257-B208ACA70D2C}
	EndGlobalSection
EndGlobal
